
Microsoft Visual Studio Solution File, Format Version 12.00
# Visual Studio Version 16
VisualStudioVersion = 16.0.31019.35
MinimumVisualStudioVersion = 10.0.40219.1
Project("{FAE04EC0-301F-11D3-BF4B-00C04F79EFBC}") = "OOAD-LR1_3", "OOAD-LR1_3\OOAD-LR1_3.csproj", "{2B9AAF17-09AA-48D3-A110-FFC902E08EAC}"
EndProject
Global
	GlobalSection(SolutionConfigurationPlatforms) = preSolution
		Debug|Any CPU = Debug|Any CPU
		Release|Any CPU = Release|Any CPU
	EndGlobalSection
	GlobalSection(ProjectConfigurationPlatforms) = postSolution
		{2B9AAF17-09AA-48D3-A110-FFC902E08EAC}.Debug|Any CPU.ActiveCfg = Debug|Any CPU
		{2B9AAF17-09AA-48D3-A110-FFC902E08EAC}.Debug|Any CPU.Build.0 = Debug|Any CPU
		{2B9AAF17-09AA-48D3-A110-FFC902E08EAC}.Release|Any CPU.ActiveCfg = Release|Any CPU
		{2B9AAF17-09AA-48D3-A110-FFC902E08EAC}.Release|Any CPU.Build.0 = Release|Any CPU
	EndGlobalSection
	GlobalSection(SolutionProperties) = preSolution
		HideSolutionNode = FALSE
	EndGlobalSection
	GlobalSection(ExtensibilityGlobals) = postSolution
		SolutionGuid = {1C395F4B-1596-4FFD-AC0B-FE25879739AF}
	EndGlobalSection
EndGlobal
